
Microsoft Visual Studio Solution File, Format Version 12.00
# Visual Studio Version 16
VisualStudioVersion = 16.0.31729.503
MinimumVisualStudioVersion = 10.0.40219.1
Project("{FAE04EC0-301F-11D3-BF4B-00C04F79EFBC}") = "TableFramework", "TableFramework\TableFramework.csproj", "{0E1C8441-8F75-49F2-AFD3-43D57559394C}"
EndProject
Global
	GlobalSection(SolutionConfigurationPlatforms) = preSolution
		Debug|Any CPU = Debug|Any CPU
		Release|Any CPU = Release|Any CPU
	EndGlobalSection
	GlobalSection(ProjectConfigurationPlatforms) = postSolution
		{0E1C8441-8F75-49F2-AFD3-43D57559394C}.Debug|Any CPU.ActiveCfg = Debug|Any CPU
		{0E1C8441-8F75-49F2-AFD3-43D57559394C}.Debug|Any CPU.Build.0 = Debug|Any CPU
		{0E1C8441-8F75-49F2-AFD3-43D57559394C}.Release|Any CPU.ActiveCfg = Release|Any CPU
		{0E1C8441-8F75-49F2-AFD3-43D57559394C}.Release|Any CPU.Build.0 = Release|Any CPU
	EndGlobalSection
	GlobalSection(SolutionProperties) = preSolution
		HideSolutionNode = FALSE
	EndGlobalSection
	GlobalSection(ExtensibilityGlobals) = postSolution
		SolutionGuid = {20D3E3F5-B323-4C1F-90F0-3DEA3E3616CB}
	EndGlobalSection
EndGlobal
